
Microsoft Visual Studio Solution File, Format Version 12.00
# Visual Studio Version 16
VisualStudioVersion = 16.0.30523.141
MinimumVisualStudioVersion = 10.0.40219.1
Project("{FAE04EC0-301F-11D3-BF4B-00C04F79EFBC}") = "TimeSeriesForecasting", "TimeSeriesForecasting.csproj", "{D8AFB77F-0897-44EB-8AEF-D2B04F750ECA}"
EndProject
Global
	GlobalSection(SolutionConfigurationPlatforms) = preSolution
		Debug|Any CPU = Debug|Any CPU
		Release|Any CPU = Release|Any CPU
	EndGlobalSection
	GlobalSection(ProjectConfigurationPlatforms) = postSolution
		{D8AFB77F-0897-44EB-8AEF-D2B04F750ECA}.Debug|Any CPU.ActiveCfg = Debug|Any CPU
		{D8AFB77F-0897-44EB-8AEF-D2B04F750ECA}.Debug|Any CPU.Build.0 = Debug|Any CPU
		{D8AFB77F-0897-44EB-8AEF-D2B04F750ECA}.Release|Any CPU.ActiveCfg = Release|Any CPU
		{D8AFB77F-0897-44EB-8AEF-D2B04F750ECA}.Release|Any CPU.Build.0 = Release|Any CPU
	EndGlobalSection
	GlobalSection(SolutionProperties) = preSolution
		HideSolutionNode = FALSE
	EndGlobalSection
	GlobalSection(ExtensibilityGlobals) = postSolution
		SolutionGuid = {F4E852B1-0AB5-4343-91F7-779FEAE08ED8}
	EndGlobalSection
EndGlobal
